// !$*UTF8*$!
{
	archiveVersion = 1;
	classes = {
	};
	objectVersion = 77;
	objects = {

/* Begin PBXBuildFile section */
		72233D692E433376005109D1 /* FlipMotionService.swift in Sources */ = {isa = PBXBuildFile; fileRef = 72233D682E433376005109D1 /* FlipMotionService.swift */; };
		72233D6B2E4342DE005109D1 /* RootView.swift in Sources */ = {isa = PBXBuildFile; fileRef = 72233D6A2E4342DE005109D1 /* RootView.swift */; };
		72233D6D2E4342F0005109D1 /* HomeView.swift in Sources */ = {isa = PBXBuildFile; fileRef = 72233D6C2E4342F0005109D1 /* HomeView.swift */; };
		72233D6F2E4342F9005109D1 /* SettingView.swift in Sources */ = {isa = PBXBuildFile; fileRef = 72233D6E2E4342F9005109D1 /* SettingView.swift */; };
		72233D712E4344AD005109D1 /* HomeViewModel.swift in Sources */ = {isa = PBXBuildFile; fileRef = 72233D702E4344AD005109D1 /* HomeViewModel.swift */; };
		72233D752E4733F9005109D1 /* SettingViewModel.swift in Sources */ = {isa = PBXBuildFile; fileRef = 72233D742E4733F9005109D1 /* SettingViewModel.swift */; };
		72233D762E4737DE005109D1 /* AppLockService.swift in Sources */ = {isa = PBXBuildFile; fileRef = 72F8F2442E3D23FE00070291 /* AppLockService.swift */; };
		72233D782E4744B5005109D1 /* MissionView.swift in Sources */ = {isa = PBXBuildFile; fileRef = 72233D772E4744B5005109D1 /* MissionView.swift */; };
		72233D7A2E4A7EC7005109D1 /* AppDelegate.swift in Sources */ = {isa = PBXBuildFile; fileRef = 72233D792E4A7EC7005109D1 /* AppDelegate.swift */; };
		72233D802E549907005109D1 /* DeviceActivityService.swift in Sources */ = {isa = PBXBuildFile; fileRef = 72F8F2482E3D379E00070291 /* DeviceActivityService.swift */; };
		72233D822E549FC0005109D1 /* Config.xcconfig in Resources */ = {isa = PBXBuildFile; fileRef = 72233D812E549FC0005109D1 /* Config.xcconfig */; };
		72233D852E54A124005109D1 /* Config.xcconfig in Resources */ = {isa = PBXBuildFile; fileRef = 72233D812E549FC0005109D1 /* Config.xcconfig */; };
		72233D862E55F9CF005109D1 /* Assets.xcassets in Resources */ = {isa = PBXBuildFile; fileRef = 72F8F1FE2E3AC1AA00070291 /* Assets.xcassets */; };
		72233D8B2E671005005109D1 /* AppInfo.swift in Sources */ = {isa = PBXBuildFile; fileRef = 72233D8A2E671005005109D1 /* AppInfo.swift */; };
		72233D8C2E671005005109D1 /* AppInfo.swift in Sources */ = {isa = PBXBuildFile; fileRef = 72233D8A2E671005005109D1 /* AppInfo.swift */; };
		72233D922E6710FD005109D1 /* Extensions.swift in Sources */ = {isa = PBXBuildFile; fileRef = 72233D912E6710FD005109D1 /* Extensions.swift */; };
		72233D932E6710FD005109D1 /* Extensions.swift in Sources */ = {isa = PBXBuildFile; fileRef = 72233D912E6710FD005109D1 /* Extensions.swift */; };
		72233D962E671319005109D1 /* BasicViewModel.swift in Sources */ = {isa = PBXBuildFile; fileRef = 72233D952E671319005109D1 /* BasicViewModel.swift */; };
		72233D982E671AB6005109D1 /* MissionViewModel.swift in Sources */ = {isa = PBXBuildFile; fileRef = 72233D972E671AB6005109D1 /* MissionViewModel.swift */; };
		72233DA22E6AB28A005109D1 /* Pretendard-Thin.otf in Resources */ = {isa = PBXBuildFile; fileRef = 72233DA12E6AB28A005109D1 /* Pretendard-Thin.otf */; };
		72233DA32E6AB28A005109D1 /* Pretendard-Medium.otf in Resources */ = {isa = PBXBuildFile; fileRef = 72233D9E2E6AB28A005109D1 /* Pretendard-Medium.otf */; };
		72233DA42E6AB28A005109D1 /* Pretendard-Black.otf in Resources */ = {isa = PBXBuildFile; fileRef = 72233D992E6AB28A005109D1 /* Pretendard-Black.otf */; };
		72233DA52E6AB28A005109D1 /* Pretendard-Light.otf in Resources */ = {isa = PBXBuildFile; fileRef = 72233D9D2E6AB28A005109D1 /* Pretendard-Light.otf */; };
		72233DA62E6AB28A005109D1 /* Pretendard-ExtraLight.otf in Resources */ = {isa = PBXBuildFile; fileRef = 72233D9C2E6AB28A005109D1 /* Pretendard-ExtraLight.otf */; };
		72233DA72E6AB28A005109D1 /* Pretendard-Bold.otf in Resources */ = {isa = PBXBuildFile; fileRef = 72233D9A2E6AB28A005109D1 /* Pretendard-Bold.otf */; };
		72233DA82E6AB28A005109D1 /* Pretendard-ExtraBold.otf in Resources */ = {isa = PBXBuildFile; fileRef = 72233D9B2E6AB28A005109D1 /* Pretendard-ExtraBold.otf */; };
		72233DA92E6AB28A005109D1 /* Pretendard-Regular.otf in Resources */ = {isa = PBXBuildFile; fileRef = 72233D9F2E6AB28A005109D1 /* Pretendard-Regular.otf */; };
		72233DAA2E6AB28A005109D1 /* Pretendard-SemiBold.otf in Resources */ = {isa = PBXBuildFile; fileRef = 72233DA02E6AB28A005109D1 /* Pretendard-SemiBold.otf */; };
		72233DAC2E6AB391005109D1 /* View+Extension.swift in Sources */ = {isa = PBXBuildFile; fileRef = 72233DAB2E6AB391005109D1 /* View+Extension.swift */; };
		72233DB32E6ABCD6005109D1 /* OnboardingView.swift in Sources */ = {isa = PBXBuildFile; fileRef = 72233DB22E6ABCD6005109D1 /* OnboardingView.swift */; };
		72233DB52E6D48B3005109D1 /* OnboardingPageControlView.swift in Sources */ = {isa = PBXBuildFile; fileRef = 72233DB42E6D48B3005109D1 /* OnboardingPageControlView.swift */; };
		72233DB72E6D7DF5005109D1 /* HuraiButton.swift in Sources */ = {isa = PBXBuildFile; fileRef = 72233DB62E6D7DF5005109D1 /* HuraiButton.swift */; };
		72233DBB2E6D82CD005109D1 /* OnboardingInitialSetupView.swift in Sources */ = {isa = PBXBuildFile; fileRef = 72233DBA2E6D82CD005109D1 /* OnboardingInitialSetupView.swift */; };
		72233DBD2E6EBB2A005109D1 /* HuraiWheelPicker.swift in Sources */ = {isa = PBXBuildFile; fileRef = 72233DBC2E6EBB2A005109D1 /* HuraiWheelPicker.swift */; };
		72233DBF2E6ED5A9005109D1 /* HuraiTimeSlider.swift in Sources */ = {isa = PBXBuildFile; fileRef = 72233DBE2E6ED5A9005109D1 /* HuraiTimeSlider.swift */; };
		72233DDB2E702FAE005109D1 /* OnboardingInitialSetupViewModel.swift in Sources */ = {isa = PBXBuildFile; fileRef = 72233DDA2E702FAE005109D1 /* OnboardingInitialSetupViewModel.swift */; };
		72F8F2022E3AC1AA00070291 /* Assets.xcassets in Resources */ = {isa = PBXBuildFile; fileRef = 72F8F1FE2E3AC1AA00070291 /* Assets.xcassets */; };
		72F8F2042E3AC1AA00070291 /* HuraiApp.swift in Sources */ = {isa = PBXBuildFile; fileRef = 72F8F2002E3AC1AA00070291 /* HuraiApp.swift */; };
		72F8F2202E3AC30000070291 /* TempConstant.swift in Sources */ = {isa = PBXBuildFile; fileRef = 72F8F21F2E3AC30000070291 /* TempConstant.swift */; };
		72F8F2452E3D23FE00070291 /* AppLockService.swift in Sources */ = {isa = PBXBuildFile; fileRef = 72F8F2442E3D23FE00070291 /* AppLockService.swift */; };
		72F8F2472E3D300100070291 /* NotificationService.swift in Sources */ = {isa = PBXBuildFile; fileRef = 72F8F2462E3D300100070291 /* NotificationService.swift */; };
		72F8F2492E3D379E00070291 /* DeviceActivityService.swift in Sources */ = {isa = PBXBuildFile; fileRef = 72F8F2482E3D379E00070291 /* DeviceActivityService.swift */; };
		72F8F2512E3D400200070291 /* DeviceActivity.framework in Frameworks */ = {isa = PBXBuildFile; fileRef = 72F8F2502E3D400200070291 /* DeviceActivity.framework */; };
		72F8F2592E3D400200070291 /* DeviceActivityMonitorExtension.appex in Embed Foundation Extensions */ = {isa = PBXBuildFile; fileRef = 72F8F24E2E3D400200070291 /* DeviceActivityMonitorExtension.appex */; settings = {ATTRIBUTES = (RemoveHeadersOnCopy, ); }; };
		72F8F2652E3D401E00070291 /* ManagedSettings.framework in Frameworks */ = {isa = PBXBuildFile; fileRef = 72F8F2642E3D401E00070291 /* ManagedSettings.framework */; };
		72F8F26D2E3D401E00070291 /* ShieldActionExtension.appex in Embed Foundation Extensions */ = {isa = PBXBuildFile; fileRef = 72F8F2632E3D401E00070291 /* ShieldActionExtension.appex */; settings = {ATTRIBUTES = (RemoveHeadersOnCopy, ); }; };
		72F8F2772E3D403900070291 /* ManagedSettings.framework in Frameworks */ = {isa = PBXBuildFile; fileRef = 72F8F2642E3D401E00070291 /* ManagedSettings.framework */; };
		72F8F2792E3D403900070291 /* ManagedSettingsUI.framework in Frameworks */ = {isa = PBXBuildFile; fileRef = 72F8F2782E3D403900070291 /* ManagedSettingsUI.framework */; };
		72F8F2812E3D403900070291 /* ShieldConfigurationExtension.appex in Embed Foundation Extensions */ = {isa = PBXBuildFile; fileRef = 72F8F2762E3D403900070291 /* ShieldConfigurationExtension.appex */; settings = {ATTRIBUTES = (RemoveHeadersOnCopy, ); }; };
		72F8F2872E3D40DA00070291 /* NotificationService.swift in Sources */ = {isa = PBXBuildFile; fileRef = 72F8F2462E3D300100070291 /* NotificationService.swift */; };
		72F8F2882E3D40DA00070291 /* NotificationService.swift in Sources */ = {isa = PBXBuildFile; fileRef = 72F8F2462E3D300100070291 /* NotificationService.swift */; };
		72F8F28E2E3D40F300070291 /* DeviceActivityMonitorExtension.swift in Sources */ = {isa = PBXBuildFile; fileRef = 72F8F28A2E3D40F300070291 /* DeviceActivityMonitorExtension.swift */; };
		72F8F2942E3D40F400070291 /* ShieldActionExtension.swift in Sources */ = {isa = PBXBuildFile; fileRef = 72F8F2912E3D40F400070291 /* ShieldActionExtension.swift */; };
		72F8F2992E3D40FE00070291 /* ShieldConfigurationExtension.swift in Sources */ = {isa = PBXBuildFile; fileRef = 72F8F2972E3D40FE00070291 /* ShieldConfigurationExtension.swift */; };
/* End PBXBuildFile section */

/* Begin PBXContainerItemProxy section */
		72F8F2572E3D400200070291 /* PBXContainerItemProxy */ = {
			isa = PBXContainerItemProxy;
			containerPortal = 72180A502E3A5FB7007338DF /* Project object */;
			proxyType = 1;
			remoteGlobalIDString = 72F8F24D2E3D400200070291;
			remoteInfo = DeviceActivityMonitorExtension;
		};
		72F8F26B2E3D401E00070291 /* PBXContainerItemProxy */ = {
			isa = PBXContainerItemProxy;
			containerPortal = 72180A502E3A5FB7007338DF /* Project object */;
			proxyType = 1;
			remoteGlobalIDString = 72F8F2622E3D401E00070291;
			remoteInfo = ShieldActionExtension;
		};
		72F8F27F2E3D403900070291 /* PBXContainerItemProxy */ = {
			isa = PBXContainerItemProxy;
			containerPortal = 72180A502E3A5FB7007338DF /* Project object */;
			proxyType = 1;
			remoteGlobalIDString = 72F8F2752E3D403900070291;
			remoteInfo = ShieldConfigurationExtension;
		};
/* End PBXContainerItemProxy section */

/* Begin PBXCopyFilesBuildPhase section */
		72F8F25A2E3D400200070291 /* Embed Foundation Extensions */ = {
			isa = PBXCopyFilesBuildPhase;
			buildActionMask = 2147483647;
			dstPath = "";
			dstSubfolderSpec = 13;
			files = (
				72F8F2592E3D400200070291 /* DeviceActivityMonitorExtension.appex in Embed Foundation Extensions */,
				72F8F2812E3D403900070291 /* ShieldConfigurationExtension.appex in Embed Foundation Extensions */,
				72F8F26D2E3D401E00070291 /* ShieldActionExtension.appex in Embed Foundation Extensions */,
			);
			name = "Embed Foundation Extensions";
			runOnlyForDeploymentPostprocessing = 0;
		};
/* End PBXCopyFilesBuildPhase section */

/* Begin PBXFileReference section */
		72180A582E3A5FB7007338DF /* Hurai.app */ = {isa = PBXFileReference; explicitFileType = wrapper.application; includeInIndex = 0; path = Hurai.app; sourceTree = BUILT_PRODUCTS_DIR; };
		72233D682E433376005109D1 /* FlipMotionService.swift */ = {isa = PBXFileReference; lastKnownFileType = sourcecode.swift; path = FlipMotionService.swift; sourceTree = "<group>"; };
		72233D6A2E4342DE005109D1 /* RootView.swift */ = {isa = PBXFileReference; lastKnownFileType = sourcecode.swift; path = RootView.swift; sourceTree = "<group>"; };
		72233D6C2E4342F0005109D1 /* HomeView.swift */ = {isa = PBXFileReference; lastKnownFileType = sourcecode.swift; path = HomeView.swift; sourceTree = "<group>"; };
		72233D6E2E4342F9005109D1 /* SettingView.swift */ = {isa = PBXFileReference; lastKnownFileType = sourcecode.swift; path = SettingView.swift; sourceTree = "<group>"; };
		72233D702E4344AD005109D1 /* HomeViewModel.swift */ = {isa = PBXFileReference; lastKnownFileType = sourcecode.swift; path = HomeViewModel.swift; sourceTree = "<group>"; };
		72233D742E4733F9005109D1 /* SettingViewModel.swift */ = {isa = PBXFileReference; lastKnownFileType = sourcecode.swift; path = SettingViewModel.swift; sourceTree = "<group>"; };
		72233D772E4744B5005109D1 /* MissionView.swift */ = {isa = PBXFileReference; lastKnownFileType = sourcecode.swift; path = MissionView.swift; sourceTree = "<group>"; };
		72233D792E4A7EC7005109D1 /* AppDelegate.swift */ = {isa = PBXFileReference; lastKnownFileType = sourcecode.swift; path = AppDelegate.swift; sourceTree = "<group>"; };
		72233D7B2E4A8B08005109D1 /* Info.plist */ = {isa = PBXFileReference; lastKnownFileType = text.plist; path = Info.plist; sourceTree = "<group>"; };
		72233D812E549FC0005109D1 /* Config.xcconfig */ = {isa = PBXFileReference; lastKnownFileType = text.xcconfig; path = Config.xcconfig; sourceTree = "<group>"; };
		72233D8A2E671005005109D1 /* AppInfo.swift */ = {isa = PBXFileReference; lastKnownFileType = sourcecode.swift; path = AppInfo.swift; sourceTree = "<group>"; };
		72233D912E6710FD005109D1 /* Extensions.swift */ = {isa = PBXFileReference; lastKnownFileType = sourcecode.swift; path = Extensions.swift; sourceTree = "<group>"; };
		72233D952E671319005109D1 /* BasicViewModel.swift */ = {isa = PBXFileReference; lastKnownFileType = sourcecode.swift; path = BasicViewModel.swift; sourceTree = "<group>"; };
		72233D972E671AB6005109D1 /* MissionViewModel.swift */ = {isa = PBXFileReference; lastKnownFileType = sourcecode.swift; path = MissionViewModel.swift; sourceTree = "<group>"; };
		72233D992E6AB28A005109D1 /* Pretendard-Black.otf */ = {isa = PBXFileReference; lastKnownFileType = file; path = "Pretendard-Black.otf"; sourceTree = "<group>"; };
		72233D9A2E6AB28A005109D1 /* Pretendard-Bold.otf */ = {isa = PBXFileReference; lastKnownFileType = file; path = "Pretendard-Bold.otf"; sourceTree = "<group>"; };
		72233D9B2E6AB28A005109D1 /* Pretendard-ExtraBold.otf */ = {isa = PBXFileReference; lastKnownFileType = file; path = "Pretendard-ExtraBold.otf"; sourceTree = "<group>"; };
		72233D9C2E6AB28A005109D1 /* Pretendard-ExtraLight.otf */ = {isa = PBXFileReference; lastKnownFileType = file; path = "Pretendard-ExtraLight.otf"; sourceTree = "<group>"; };
		72233D9D2E6AB28A005109D1 /* Pretendard-Light.otf */ = {isa = PBXFileReference; lastKnownFileType = file; path = "Pretendard-Light.otf"; sourceTree = "<group>"; };
		72233D9E2E6AB28A005109D1 /* Pretendard-Medium.otf */ = {isa = PBXFileReference; lastKnownFileType = file; path = "Pretendard-Medium.otf"; sourceTree = "<group>"; };
		72233D9F2E6AB28A005109D1 /* Pretendard-Regular.otf */ = {isa = PBXFileReference; lastKnownFileType = file; path = "Pretendard-Regular.otf"; sourceTree = "<group>"; };
		72233DA02E6AB28A005109D1 /* Pretendard-SemiBold.otf */ = {isa = PBXFileReference; lastKnownFileType = file; path = "Pretendard-SemiBold.otf"; sourceTree = "<group>"; };
		72233DA12E6AB28A005109D1 /* Pretendard-Thin.otf */ = {isa = PBXFileReference; lastKnownFileType = file; path = "Pretendard-Thin.otf"; sourceTree = "<group>"; };
		72233DAB2E6AB391005109D1 /* View+Extension.swift */ = {isa = PBXFileReference; lastKnownFileType = sourcecode.swift; path = "View+Extension.swift"; sourceTree = "<group>"; };
		72233DB22E6ABCD6005109D1 /* OnboardingView.swift */ = {isa = PBXFileReference; lastKnownFileType = sourcecode.swift; path = OnboardingView.swift; sourceTree = "<group>"; };
		72233DB42E6D48B3005109D1 /* OnboardingPageControlView.swift */ = {isa = PBXFileReference; lastKnownFileType = sourcecode.swift; path = OnboardingPageControlView.swift; sourceTree = "<group>"; };
		72233DB62E6D7DF5005109D1 /* HuraiButton.swift */ = {isa = PBXFileReference; lastKnownFileType = sourcecode.swift; path = HuraiButton.swift; sourceTree = "<group>"; };
		72233DBA2E6D82CD005109D1 /* OnboardingInitialSetupView.swift */ = {isa = PBXFileReference; lastKnownFileType = sourcecode.swift; path = OnboardingInitialSetupView.swift; sourceTree = "<group>"; };
		72233DBC2E6EBB2A005109D1 /* HuraiWheelPicker.swift */ = {isa = PBXFileReference; lastKnownFileType = sourcecode.swift; path = HuraiWheelPicker.swift; sourceTree = "<group>"; };
		72233DBE2E6ED5A9005109D1 /* HuraiTimeSlider.swift */ = {isa = PBXFileReference; lastKnownFileType = sourcecode.swift; path = HuraiTimeSlider.swift; sourceTree = "<group>"; };
		72233DDA2E702FAE005109D1 /* OnboardingInitialSetupViewModel.swift */ = {isa = PBXFileReference; lastKnownFileType = sourcecode.swift; path = OnboardingInitialSetupViewModel.swift; sourceTree = "<group>"; };
		72F8F1FE2E3AC1AA00070291 /* Assets.xcassets */ = {isa = PBXFileReference; lastKnownFileType = folder.assetcatalog; path = Assets.xcassets; sourceTree = "<group>"; };
		72F8F2002E3AC1AA00070291 /* HuraiApp.swift */ = {isa = PBXFileReference; lastKnownFileType = sourcecode.swift; path = HuraiApp.swift; sourceTree = "<group>"; };
		72F8F21F2E3AC30000070291 /* TempConstant.swift */ = {isa = PBXFileReference; lastKnownFileType = sourcecode.swift; path = TempConstant.swift; sourceTree = "<group>"; };
		72F8F23B2E3B817900070291 /* Hurai.entitlements */ = {isa = PBXFileReference; lastKnownFileType = text.plist.entitlements; path = Hurai.entitlements; sourceTree = "<group>"; };
		72F8F2442E3D23FE00070291 /* AppLockService.swift */ = {isa = PBXFileReference; lastKnownFileType = sourcecode.swift; path = AppLockService.swift; sourceTree = "<group>"; };
		72F8F2462E3D300100070291 /* NotificationService.swift */ = {isa = PBXFileReference; lastKnownFileType = sourcecode.swift; path = NotificationService.swift; sourceTree = "<group>"; };
		72F8F2482E3D379E00070291 /* DeviceActivityService.swift */ = {isa = PBXFileReference; lastKnownFileType = sourcecode.swift; path = DeviceActivityService.swift; sourceTree = "<group>"; };
		72F8F24E2E3D400200070291 /* DeviceActivityMonitorExtension.appex */ = {isa = PBXFileReference; explicitFileType = "wrapper.app-extension"; includeInIndex = 0; path = DeviceActivityMonitorExtension.appex; sourceTree = BUILT_PRODUCTS_DIR; };
		72F8F2502E3D400200070291 /* DeviceActivity.framework */ = {isa = PBXFileReference; lastKnownFileType = wrapper.framework; name = DeviceActivity.framework; path = System/Library/Frameworks/DeviceActivity.framework; sourceTree = SDKROOT; };
		72F8F2632E3D401E00070291 /* ShieldActionExtension.appex */ = {isa = PBXFileReference; explicitFileType = "wrapper.app-extension"; includeInIndex = 0; path = ShieldActionExtension.appex; sourceTree = BUILT_PRODUCTS_DIR; };
		72F8F2642E3D401E00070291 /* ManagedSettings.framework */ = {isa = PBXFileReference; lastKnownFileType = wrapper.framework; name = ManagedSettings.framework; path = System/Library/Frameworks/ManagedSettings.framework; sourceTree = SDKROOT; };
		72F8F2762E3D403900070291 /* ShieldConfigurationExtension.appex */ = {isa = PBXFileReference; explicitFileType = "wrapper.app-extension"; includeInIndex = 0; path = ShieldConfigurationExtension.appex; sourceTree = BUILT_PRODUCTS_DIR; };
		72F8F2782E3D403900070291 /* ManagedSettingsUI.framework */ = {isa = PBXFileReference; lastKnownFileType = wrapper.framework; name = ManagedSettingsUI.framework; path = System/Library/Frameworks/ManagedSettingsUI.framework; sourceTree = SDKROOT; };
		72F8F2892E3D40F300070291 /* DeviceActivityMonitorExtension.entitlements */ = {isa = PBXFileReference; lastKnownFileType = text.plist.entitlements; path = DeviceActivityMonitorExtension.entitlements; sourceTree = "<group>"; };
		72F8F28A2E3D40F300070291 /* DeviceActivityMonitorExtension.swift */ = {isa = PBXFileReference; lastKnownFileType = sourcecode.swift; path = DeviceActivityMonitorExtension.swift; sourceTree = "<group>"; };
		72F8F28B2E3D40F300070291 /* Info.plist */ = {isa = PBXFileReference; lastKnownFileType = text.plist.xml; path = Info.plist; sourceTree = "<group>"; };
		72F8F28F2E3D40F400070291 /* Info.plist */ = {isa = PBXFileReference; lastKnownFileType = text.plist.xml; path = Info.plist; sourceTree = "<group>"; };
		72F8F2902E3D40F400070291 /* ShieldActionExtension.entitlements */ = {isa = PBXFileReference; lastKnownFileType = text.plist.entitlements; path = ShieldActionExtension.entitlements; sourceTree = "<group>"; };
		72F8F2912E3D40F400070291 /* ShieldActionExtension.swift */ = {isa = PBXFileReference; lastKnownFileType = sourcecode.swift; path = ShieldActionExtension.swift; sourceTree = "<group>"; };
		72F8F2952E3D40FE00070291 /* Info.plist */ = {isa = PBXFileReference; lastKnownFileType = text.plist.xml; path = Info.plist; sourceTree = "<group>"; };
		72F8F2962E3D40FE00070291 /* ShieldConfigurationExtension.entitlements */ = {isa = PBXFileReference; lastKnownFileType = text.plist.entitlements; path = ShieldConfigurationExtension.entitlements; sourceTree = "<group>"; };
		72F8F2972E3D40FE00070291 /* ShieldConfigurationExtension.swift */ = {isa = PBXFileReference; lastKnownFileType = sourcecode.swift; path = ShieldConfigurationExtension.swift; sourceTree = "<group>"; };
/* End PBXFileReference section */

/* Begin PBXFrameworksBuildPhase section */
		72180A552E3A5FB7007338DF /* Frameworks */ = {
			isa = PBXFrameworksBuildPhase;
			buildActionMask = 2147483647;
			files = (
			);
			runOnlyForDeploymentPostprocessing = 0;
		};
		72F8F24B2E3D400200070291 /* Frameworks */ = {
			isa = PBXFrameworksBuildPhase;
			buildActionMask = 2147483647;
			files = (
				72F8F2512E3D400200070291 /* DeviceActivity.framework in Frameworks */,
			);
			runOnlyForDeploymentPostprocessing = 0;
		};
		72F8F2602E3D401E00070291 /* Frameworks */ = {
			isa = PBXFrameworksBuildPhase;
			buildActionMask = 2147483647;
			files = (
				72F8F2652E3D401E00070291 /* ManagedSettings.framework in Frameworks */,
			);
			runOnlyForDeploymentPostprocessing = 0;
		};
		72F8F2732E3D403900070291 /* Frameworks */ = {
			isa = PBXFrameworksBuildPhase;
			buildActionMask = 2147483647;
			files = (
				72F8F2772E3D403900070291 /* ManagedSettings.framework in Frameworks */,
				72F8F2792E3D403900070291 /* ManagedSettingsUI.framework in Frameworks */,
			);
			runOnlyForDeploymentPostprocessing = 0;
		};
/* End PBXFrameworksBuildPhase section */

/* Begin PBXGroup section */
		72180A4F2E3A5FB7007338DF = {
			isa = PBXGroup;
			children = (
				72F8F2012E3AC1AA00070291 /* Hurai */,
				72F8F28C2E3D40F300070291 /* DeviceActivityMonitorExtension */,
				72F8F2922E3D40F400070291 /* ShieldActionExtension */,
				72F8F2982E3D40FE00070291 /* ShieldConfigurationExtension */,
				72F8F24F2E3D400200070291 /* Frameworks */,
				72180A592E3A5FB7007338DF /* Products */,
			);
			sourceTree = "<group>";
		};
		72180A592E3A5FB7007338DF /* Products */ = {
			isa = PBXGroup;
			children = (
				72180A582E3A5FB7007338DF /* Hurai.app */,
				72F8F24E2E3D400200070291 /* DeviceActivityMonitorExtension.appex */,
				72F8F2632E3D401E00070291 /* ShieldActionExtension.appex */,
				72F8F2762E3D403900070291 /* ShieldConfigurationExtension.appex */,
			);
			name = Products;
			sourceTree = "<group>";
		};
		72233D902E67104B005109D1 /* Extensions */ = {
			isa = PBXGroup;
			children = (
				72233D912E6710FD005109D1 /* Extensions.swift */,
			);
			path = Extensions;
			sourceTree = "<group>";
		};
		72233D942E67116E005109D1 /* Services */ = {
			isa = PBXGroup;
			children = (
				72233D682E433376005109D1 /* FlipMotionService.swift */,
				72F8F2482E3D379E00070291 /* DeviceActivityService.swift */,
				72F8F2462E3D300100070291 /* NotificationService.swift */,
				72F8F2442E3D23FE00070291 /* AppLockService.swift */,
			);
			path = Services;
			sourceTree = "<group>";
		};
		72233DAD2E6ABCB2005109D1 /* Onboarding */ = {
			isa = PBXGroup;
			children = (
				72233DB22E6ABCD6005109D1 /* OnboardingView.swift */,
				72233DB82E6D8295005109D1 /* OnboardingPageControl */,
				72233DB92E6D82A5005109D1 /* OnboardingInitialSetup */,
			);
			path = Onboarding;
			sourceTree = "<group>";
		};
		72233DB82E6D8295005109D1 /* OnboardingPageControl */ = {
			isa = PBXGroup;
			children = (
				72233DB42E6D48B3005109D1 /* OnboardingPageControlView.swift */,
			);
			path = OnboardingPageControl;
			sourceTree = "<group>";
		};
		72233DB92E6D82A5005109D1 /* OnboardingInitialSetup */ = {
			isa = PBXGroup;
			children = (
				72233DBA2E6D82CD005109D1 /* OnboardingInitialSetupView.swift */,
			);
			path = OnboardingInitialSetup;
			sourceTree = "<group>";
		};
		72F8F2012E3AC1AA00070291 /* Hurai */ = {
			isa = PBXGroup;
			children = (
				72233D7B2E4A8B08005109D1 /* Info.plist */,
				72F8F23B2E3B817900070291 /* Hurai.entitlements */,
				72F8F2092E3AC1D500070291 /* App */,
				72F8F2072E3AC1C400070291 /* Domain */,
				72F8F2062E3AC1BC00070291 /* Presentation */,
				72F8F2082E3AC1CA00070291 /* Supporting */,
				72F8F2052E3AC1B000070291 /* Resources */,
				72F8F1FE2E3AC1AA00070291 /* Assets.xcassets */,
			);
			path = Hurai;
			sourceTree = "<group>";
		};
		72F8F2052E3AC1B000070291 /* Resources */ = {
			isa = PBXGroup;
			children = (
				72F8F2102E3AC24C00070291 /* Fonts */,
			);
			path = Resources;
			sourceTree = "<group>";
		};
		72F8F2062E3AC1BC00070291 /* Presentation */ = {
			isa = PBXGroup;
			children = (
				72F8F20C2E3AC21600070291 /* Components */,
				72F8F20D2E3AC22000070291 /* Styles */,
				72F8F20E2E3AC22600070291 /* Views */,
				72F8F20F2E3AC22A00070291 /* ViewModels */,
			);
			path = Presentation;
			sourceTree = "<group>";
		};
		72F8F2072E3AC1C400070291 /* Domain */ = {
			isa = PBXGroup;
			children = (
				72233D942E67116E005109D1 /* Services */,
				72F8F20A2E3AC20300070291 /* Storage */,
			);
			path = Domain;
			sourceTree = "<group>";
		};
		72F8F2082E3AC1CA00070291 /* Supporting */ = {
			isa = PBXGroup;
			children = (
				72F8F2122E3AC26200070291 /* Constants */,
				72233D902E67104B005109D1 /* Extensions */,
			);
			path = Supporting;
			sourceTree = "<group>";
		};
		72F8F2092E3AC1D500070291 /* App */ = {
			isa = PBXGroup;
			children = (
				72F8F2002E3AC1AA00070291 /* HuraiApp.swift */,
				72233D792E4A7EC7005109D1 /* AppDelegate.swift */,
				72233D812E549FC0005109D1 /* Config.xcconfig */,
			);
			path = App;
			sourceTree = "<group>";
		};
		72F8F20A2E3AC20300070291 /* Storage */ = {
			isa = PBXGroup;
			children = (
				72233D8A2E671005005109D1 /* AppInfo.swift */,
			);
			path = Storage;
			sourceTree = "<group>";
		};
		72F8F20C2E3AC21600070291 /* Components */ = {
			isa = PBXGroup;
			children = (
				72233DB62E6D7DF5005109D1 /* HuraiButton.swift */,
				72233DBC2E6EBB2A005109D1 /* HuraiWheelPicker.swift */,
				72233DBE2E6ED5A9005109D1 /* HuraiTimeSlider.swift */,
			);
			path = Components;
			sourceTree = "<group>";
		};
		72F8F20D2E3AC22000070291 /* Styles */ = {
			isa = PBXGroup;
			children = (
				72233DAB2E6AB391005109D1 /* View+Extension.swift */,
			);
			path = Styles;
			sourceTree = "<group>";
		};
		72F8F20E2E3AC22600070291 /* Views */ = {
			isa = PBXGroup;
			children = (
				72233DAD2E6ABCB2005109D1 /* Onboarding */,
				72233D6A2E4342DE005109D1 /* RootView.swift */,
				72233D6C2E4342F0005109D1 /* HomeView.swift */,
				72233D6E2E4342F9005109D1 /* SettingView.swift */,
				72233D772E4744B5005109D1 /* MissionView.swift */,
			);
			path = Views;
			sourceTree = "<group>";
		};
		72F8F20F2E3AC22A00070291 /* ViewModels */ = {
			isa = PBXGroup;
			children = (
				72233D952E671319005109D1 /* BasicViewModel.swift */,
				72233D702E4344AD005109D1 /* HomeViewModel.swift */,
				72233D742E4733F9005109D1 /* SettingViewModel.swift */,
				72233D972E671AB6005109D1 /* MissionViewModel.swift */,
				72233DDA2E702FAE005109D1 /* OnboardingInitialSetupViewModel.swift */,
			);
			path = ViewModels;
			sourceTree = "<group>";
		};
		72F8F2102E3AC24C00070291 /* Fonts */ = {
			isa = PBXGroup;
			children = (
				72233D992E6AB28A005109D1 /* Pretendard-Black.otf */,
				72233D9A2E6AB28A005109D1 /* Pretendard-Bold.otf */,
				72233D9B2E6AB28A005109D1 /* Pretendard-ExtraBold.otf */,
				72233D9C2E6AB28A005109D1 /* Pretendard-ExtraLight.otf */,
				72233D9D2E6AB28A005109D1 /* Pretendard-Light.otf */,
				72233D9E2E6AB28A005109D1 /* Pretendard-Medium.otf */,
				72233D9F2E6AB28A005109D1 /* Pretendard-Regular.otf */,
				72233DA02E6AB28A005109D1 /* Pretendard-SemiBold.otf */,
				72233DA12E6AB28A005109D1 /* Pretendard-Thin.otf */,
			);
			path = Fonts;
			sourceTree = "<group>";
		};
		72F8F2122E3AC26200070291 /* Constants */ = {
			isa = PBXGroup;
			children = (
				72F8F21F2E3AC30000070291 /* TempConstant.swift */,
			);
			path = Constants;
			sourceTree = "<group>";
		};
		72F8F24F2E3D400200070291 /* Frameworks */ = {
			isa = PBXGroup;
			children = (
				72F8F2502E3D400200070291 /* DeviceActivity.framework */,
				72F8F2642E3D401E00070291 /* ManagedSettings.framework */,
				72F8F2782E3D403900070291 /* ManagedSettingsUI.framework */,
			);
			name = Frameworks;
			sourceTree = "<group>";
		};
		72F8F28C2E3D40F300070291 /* DeviceActivityMonitorExtension */ = {
			isa = PBXGroup;
			children = (
				72F8F2892E3D40F300070291 /* DeviceActivityMonitorExtension.entitlements */,
				72F8F28A2E3D40F300070291 /* DeviceActivityMonitorExtension.swift */,
				72F8F28B2E3D40F300070291 /* Info.plist */,
			);
			path = DeviceActivityMonitorExtension;
			sourceTree = "<group>";
		};
		72F8F2922E3D40F400070291 /* ShieldActionExtension */ = {
			isa = PBXGroup;
			children = (
				72F8F28F2E3D40F400070291 /* Info.plist */,
				72F8F2902E3D40F400070291 /* ShieldActionExtension.entitlements */,
				72F8F2912E3D40F400070291 /* ShieldActionExtension.swift */,
			);
			path = ShieldActionExtension;
			sourceTree = "<group>";
		};
		72F8F2982E3D40FE00070291 /* ShieldConfigurationExtension */ = {
			isa = PBXGroup;
			children = (
				72F8F2952E3D40FE00070291 /* Info.plist */,
				72F8F2962E3D40FE00070291 /* ShieldConfigurationExtension.entitlements */,
				72F8F2972E3D40FE00070291 /* ShieldConfigurationExtension.swift */,
			);
			path = ShieldConfigurationExtension;
			sourceTree = "<group>";
		};
/* End PBXGroup section */

/* Begin PBXNativeTarget section */
		72180A572E3A5FB7007338DF /* Hurai */ = {
			isa = PBXNativeTarget;
			buildConfigurationList = 72180A632E3A5FB8007338DF /* Build configuration list for PBXNativeTarget "Hurai" */;
			buildPhases = (
				72180A542E3A5FB7007338DF /* Sources */,
				72180A552E3A5FB7007338DF /* Frameworks */,
				72180A562E3A5FB7007338DF /* Resources */,
				72F8F25A2E3D400200070291 /* Embed Foundation Extensions */,
			);
			buildRules = (
			);
			dependencies = (
				72F8F2582E3D400200070291 /* PBXTargetDependency */,
				72F8F26C2E3D401E00070291 /* PBXTargetDependency */,
				72F8F2802E3D403900070291 /* PBXTargetDependency */,
			);
			name = Hurai;
			packageProductDependencies = (
			);
			productName = Hurai;
			productReference = 72180A582E3A5FB7007338DF /* Hurai.app */;
			productType = "com.apple.product-type.application";
		};
		72F8F24D2E3D400200070291 /* DeviceActivityMonitorExtension */ = {
			isa = PBXNativeTarget;
			buildConfigurationList = 72F8F25E2E3D400200070291 /* Build configuration list for PBXNativeTarget "DeviceActivityMonitorExtension" */;
			buildPhases = (
				72F8F24A2E3D400200070291 /* Sources */,
				72F8F24B2E3D400200070291 /* Frameworks */,
				72F8F24C2E3D400200070291 /* Resources */,
			);
			buildRules = (
			);
			dependencies = (
			);
			name = DeviceActivityMonitorExtension;
			packageProductDependencies = (
			);
			productName = DeviceActivityMonitorExtension;
			productReference = 72F8F24E2E3D400200070291 /* DeviceActivityMonitorExtension.appex */;
			productType = "com.apple.product-type.app-extension";
		};
		72F8F2622E3D401E00070291 /* ShieldActionExtension */ = {
			isa = PBXNativeTarget;
			buildConfigurationList = 72F8F26F2E3D401E00070291 /* Build configuration list for PBXNativeTarget "ShieldActionExtension" */;
			buildPhases = (
				72F8F25F2E3D401E00070291 /* Sources */,
				72F8F2602E3D401E00070291 /* Frameworks */,
				72F8F2612E3D401E00070291 /* Resources */,
			);
			buildRules = (
			);
			dependencies = (
			);
			name = ShieldActionExtension;
			packageProductDependencies = (
			);
			productName = ShieldActionExtension;
			productReference = 72F8F2632E3D401E00070291 /* ShieldActionExtension.appex */;
			productType = "com.apple.product-type.app-extension";
		};
		72F8F2752E3D403900070291 /* ShieldConfigurationExtension */ = {
			isa = PBXNativeTarget;
			buildConfigurationList = 72F8F2832E3D403900070291 /* Build configuration list for PBXNativeTarget "ShieldConfigurationExtension" */;
			buildPhases = (
				72F8F2722E3D403900070291 /* Sources */,
				72F8F2732E3D403900070291 /* Frameworks */,
				72F8F2742E3D403900070291 /* Resources */,
			);
			buildRules = (
			);
			dependencies = (
			);
			name = ShieldConfigurationExtension;
			packageProductDependencies = (
			);
			productName = ShieldConfigurationExtension;
			productReference = 72F8F2762E3D403900070291 /* ShieldConfigurationExtension.appex */;
			productType = "com.apple.product-type.app-extension";
		};
/* End PBXNativeTarget section */

/* Begin PBXProject section */
		72180A502E3A5FB7007338DF /* Project object */ = {
			isa = PBXProject;
			attributes = {
				BuildIndependentTargetsInParallel = 1;
				LastSwiftUpdateCheck = 1640;
				LastUpgradeCheck = 1640;
				TargetAttributes = {
					72180A572E3A5FB7007338DF = {
						CreatedOnToolsVersion = 16.4;
					};
					72F8F24D2E3D400200070291 = {
						CreatedOnToolsVersion = 16.4;
					};
					72F8F2622E3D401E00070291 = {
						CreatedOnToolsVersion = 16.4;
					};
					72F8F2752E3D403900070291 = {
						CreatedOnToolsVersion = 16.4;
					};
				};
			};
			buildConfigurationList = 72180A532E3A5FB7007338DF /* Build configuration list for PBXProject "Hurai" */;
			developmentRegion = en;
			hasScannedForEncodings = 0;
			knownRegions = (
				en,
				Base,
			);
			mainGroup = 72180A4F2E3A5FB7007338DF;
			minimizedProjectReferenceProxies = 1;
			preferredProjectObjectVersion = 77;
			productRefGroup = 72180A592E3A5FB7007338DF /* Products */;
			projectDirPath = "";
			projectRoot = "";
			targets = (
				72180A572E3A5FB7007338DF /* Hurai */,
				72F8F24D2E3D400200070291 /* DeviceActivityMonitorExtension */,
				72F8F2622E3D401E00070291 /* ShieldActionExtension */,
				72F8F2752E3D403900070291 /* ShieldConfigurationExtension */,
			);
		};
/* End PBXProject section */

/* Begin PBXResourcesBuildPhase section */
		72180A562E3A5FB7007338DF /* Resources */ = {
			isa = PBXResourcesBuildPhase;
			buildActionMask = 2147483647;
			files = (
				72233D822E549FC0005109D1 /* Config.xcconfig in Resources */,
				72233DA22E6AB28A005109D1 /* Pretendard-Thin.otf in Resources */,
				72233DA32E6AB28A005109D1 /* Pretendard-Medium.otf in Resources */,
				72233DA42E6AB28A005109D1 /* Pretendard-Black.otf in Resources */,
				72233DA52E6AB28A005109D1 /* Pretendard-Light.otf in Resources */,
				72233DA62E6AB28A005109D1 /* Pretendard-ExtraLight.otf in Resources */,
				72233DA72E6AB28A005109D1 /* Pretendard-Bold.otf in Resources */,
				72233DA82E6AB28A005109D1 /* Pretendard-ExtraBold.otf in Resources */,
				72233DA92E6AB28A005109D1 /* Pretendard-Regular.otf in Resources */,
				72233DAA2E6AB28A005109D1 /* Pretendard-SemiBold.otf in Resources */,
				72F8F2022E3AC1AA00070291 /* Assets.xcassets in Resources */,
			);
			runOnlyForDeploymentPostprocessing = 0;
		};
		72F8F24C2E3D400200070291 /* Resources */ = {
			isa = PBXResourcesBuildPhase;
			buildActionMask = 2147483647;
			files = (
				72233D852E54A124005109D1 /* Config.xcconfig in Resources */,
			);
			runOnlyForDeploymentPostprocessing = 0;
		};
		72F8F2612E3D401E00070291 /* Resources */ = {
			isa = PBXResourcesBuildPhase;
			buildActionMask = 2147483647;
			files = (
			);
			runOnlyForDeploymentPostprocessing = 0;
		};
		72F8F2742E3D403900070291 /* Resources */ = {
			isa = PBXResourcesBuildPhase;
			buildActionMask = 2147483647;
			files = (
				72233D862E55F9CF005109D1 /* Assets.xcassets in Resources */,
			);
			runOnlyForDeploymentPostprocessing = 0;
		};
/* End PBXResourcesBuildPhase section */

/* Begin PBXSourcesBuildPhase section */
		72180A542E3A5FB7007338DF /* Sources */ = {
			isa = PBXSourcesBuildPhase;
			buildActionMask = 2147483647;
			files = (
				72F8F2472E3D300100070291 /* NotificationService.swift in Sources */,
				72233D6D2E4342F0005109D1 /* HomeView.swift in Sources */,
				72F8F2492E3D379E00070291 /* DeviceActivityService.swift in Sources */,
				72233DBF2E6ED5A9005109D1 /* HuraiTimeSlider.swift in Sources */,
				72233D962E671319005109D1 /* BasicViewModel.swift in Sources */,
				72233D712E4344AD005109D1 /* HomeViewModel.swift in Sources */,
				72233DAC2E6AB391005109D1 /* View+Extension.swift in Sources */,
				72233DB32E6ABCD6005109D1 /* OnboardingView.swift in Sources */,
				72233DB52E6D48B3005109D1 /* OnboardingPageControlView.swift in Sources */,
				72233D782E4744B5005109D1 /* MissionView.swift in Sources */,
				72233D7A2E4A7EC7005109D1 /* AppDelegate.swift in Sources */,
				72233D752E4733F9005109D1 /* SettingViewModel.swift in Sources */,
				72233D6F2E4342F9005109D1 /* SettingView.swift in Sources */,
				72233DBB2E6D82CD005109D1 /* OnboardingInitialSetupView.swift in Sources */,
				72233DDB2E702FAE005109D1 /* OnboardingInitialSetupViewModel.swift in Sources */,
				72233D692E433376005109D1 /* FlipMotionService.swift in Sources */,
				72233DBD2E6EBB2A005109D1 /* HuraiWheelPicker.swift in Sources */,
				72233D6B2E4342DE005109D1 /* RootView.swift in Sources */,
				72F8F2202E3AC30000070291 /* TempConstant.swift in Sources */,
				72233D922E6710FD005109D1 /* Extensions.swift in Sources */,
				72F8F2042E3AC1AA00070291 /* HuraiApp.swift in Sources */,
				72233DB72E6D7DF5005109D1 /* HuraiButton.swift in Sources */,
				72F8F2452E3D23FE00070291 /* AppLockService.swift in Sources */,
				72233D982E671AB6005109D1 /* MissionViewModel.swift in Sources */,
				72233D8B2E671005005109D1 /* AppInfo.swift in Sources */,
			);
			runOnlyForDeploymentPostprocessing = 0;
		};
		72F8F24A2E3D400200070291 /* Sources */ = {
			isa = PBXSourcesBuildPhase;
			buildActionMask = 2147483647;
			files = (
				72F8F2872E3D40DA00070291 /* NotificationService.swift in Sources */,
				72233D932E6710FD005109D1 /* Extensions.swift in Sources */,
				72F8F28E2E3D40F300070291 /* DeviceActivityMonitorExtension.swift in Sources */,
				72233D802E549907005109D1 /* DeviceActivityService.swift in Sources */,
				72233D762E4737DE005109D1 /* AppLockService.swift in Sources */,
				72233D8C2E671005005109D1 /* AppInfo.swift in Sources */,
			);
			runOnlyForDeploymentPostprocessing = 0;
		};
		72F8F25F2E3D401E00070291 /* Sources */ = {
			isa = PBXSourcesBuildPhase;
			buildActionMask = 2147483647;
			files = (
				72F8F2942E3D40F400070291 /* ShieldActionExtension.swift in Sources */,
				72F8F2882E3D40DA00070291 /* NotificationService.swift in Sources */,
			);
			runOnlyForDeploymentPostprocessing = 0;
		};
		72F8F2722E3D403900070291 /* Sources */ = {
			isa = PBXSourcesBuildPhase;
			buildActionMask = 2147483647;
			files = (
				72F8F2992E3D40FE00070291 /* ShieldConfigurationExtension.swift in Sources */,
			);
			runOnlyForDeploymentPostprocessing = 0;
		};
/* End PBXSourcesBuildPhase section */

/* Begin PBXTargetDependency section */
		72F8F2582E3D400200070291 /* PBXTargetDependency */ = {
			isa = PBXTargetDependency;
			target = 72F8F24D2E3D400200070291 /* DeviceActivityMonitorExtension */;
			targetProxy = 72F8F2572E3D400200070291 /* PBXContainerItemProxy */;
		};
		72F8F26C2E3D401E00070291 /* PBXTargetDependency */ = {
			isa = PBXTargetDependency;
			target = 72F8F2622E3D401E00070291 /* ShieldActionExtension */;
			targetProxy = 72F8F26B2E3D401E00070291 /* PBXContainerItemProxy */;
		};
		72F8F2802E3D403900070291 /* PBXTargetDependency */ = {
			isa = PBXTargetDependency;
			target = 72F8F2752E3D403900070291 /* ShieldConfigurationExtension */;
			targetProxy = 72F8F27F2E3D403900070291 /* PBXContainerItemProxy */;
		};
/* End PBXTargetDependency section */

/* Begin XCBuildConfiguration section */
		72180A612E3A5FB8007338DF /* Debug */ = {
			isa = XCBuildConfiguration;
			baseConfigurationReference = 72233D812E549FC0005109D1 /* Config.xcconfig */;
			buildSettings = {
				ALWAYS_SEARCH_USER_PATHS = NO;
				ASSETCATALOG_COMPILER_GENERATE_SWIFT_ASSET_SYMBOL_EXTENSIONS = YES;
				CLANG_ANALYZER_NONNULL = YES;
				CLANG_ANALYZER_NUMBER_OBJECT_CONVERSION = YES_AGGRESSIVE;
				CLANG_CXX_LANGUAGE_STANDARD = "gnu++20";
				CLANG_ENABLE_MODULES = YES;
				CLANG_ENABLE_OBJC_ARC = YES;
				CLANG_ENABLE_OBJC_WEAK = YES;
				CLANG_WARN_BLOCK_CAPTURE_AUTORELEASING = YES;
				CLANG_WARN_BOOL_CONVERSION = YES;
				CLANG_WARN_COMMA = YES;
				CLANG_WARN_CONSTANT_CONVERSION = YES;
				CLANG_WARN_DEPRECATED_OBJC_IMPLEMENTATIONS = YES;
				CLANG_WARN_DIRECT_OBJC_ISA_USAGE = YES_ERROR;
				CLANG_WARN_DOCUMENTATION_COMMENTS = YES;
				CLANG_WARN_EMPTY_BODY = YES;
				CLANG_WARN_ENUM_CONVERSION = YES;
				CLANG_WARN_INFINITE_RECURSION = YES;
				CLANG_WARN_INT_CONVERSION = YES;
				CLANG_WARN_NON_LITERAL_NULL_CONVERSION = YES;
				CLANG_WARN_OBJC_IMPLICIT_RETAIN_SELF = YES;
				CLANG_WARN_OBJC_LITERAL_CONVERSION = YES;
				CLANG_WARN_OBJC_ROOT_CLASS = YES_ERROR;
				CLANG_WARN_QUOTED_INCLUDE_IN_FRAMEWORK_HEADER = YES;
				CLANG_WARN_RANGE_LOOP_ANALYSIS = YES;
				CLANG_WARN_STRICT_PROTOTYPES = YES;
				CLANG_WARN_SUSPICIOUS_MOVE = YES;
				CLANG_WARN_UNGUARDED_AVAILABILITY = YES_AGGRESSIVE;
				CLANG_WARN_UNREACHABLE_CODE = YES;
				CLANG_WARN__DUPLICATE_METHOD_MATCH = YES;
				COPY_PHASE_STRIP = NO;
				DEBUG_INFORMATION_FORMAT = dwarf;
				DEVELOPMENT_TEAM = 7FD4JN9V32;
				ENABLE_STRICT_OBJC_MSGSEND = YES;
				ENABLE_TESTABILITY = YES;
				ENABLE_USER_SCRIPT_SANDBOXING = YES;
				GCC_C_LANGUAGE_STANDARD = gnu17;
				GCC_DYNAMIC_NO_PIC = NO;
				GCC_NO_COMMON_BLOCKS = YES;
				GCC_OPTIMIZATION_LEVEL = 0;
				GCC_PREPROCESSOR_DEFINITIONS = (
					"DEBUG=1",
					"$(inherited)",
				);
				GCC_WARN_64_TO_32_BIT_CONVERSION = YES;
				GCC_WARN_ABOUT_RETURN_TYPE = YES_ERROR;
				GCC_WARN_UNDECLARED_SELECTOR = YES;
				GCC_WARN_UNINITIALIZED_AUTOS = YES_AGGRESSIVE;
				GCC_WARN_UNUSED_FUNCTION = YES;
				GCC_WARN_UNUSED_VARIABLE = YES;
				IPHONEOS_DEPLOYMENT_TARGET = 18.5;
				LOCALIZATION_PREFERS_STRING_CATALOGS = YES;
				MTL_ENABLE_DEBUG_INFO = INCLUDE_SOURCE;
				MTL_FAST_MATH = YES;
				ONLY_ACTIVE_ARCH = YES;
				SDKROOT = iphoneos;
				SWIFT_ACTIVE_COMPILATION_CONDITIONS = "DEBUG $(inherited)";
				SWIFT_OPTIMIZATION_LEVEL = "-Onone";
			};
			name = Debug;
		};
		72180A622E3A5FB8007338DF /* Release */ = {
			isa = XCBuildConfiguration;
			baseConfigurationReference = 72233D812E549FC0005109D1 /* Config.xcconfig */;
			buildSettings = {
				ALWAYS_SEARCH_USER_PATHS = NO;
				ASSETCATALOG_COMPILER_GENERATE_SWIFT_ASSET_SYMBOL_EXTENSIONS = YES;
				CLANG_ANALYZER_NONNULL = YES;
				CLANG_ANALYZER_NUMBER_OBJECT_CONVERSION = YES_AGGRESSIVE;
				CLANG_CXX_LANGUAGE_STANDARD = "gnu++20";
				CLANG_ENABLE_MODULES = YES;
				CLANG_ENABLE_OBJC_ARC = YES;
				CLANG_ENABLE_OBJC_WEAK = YES;
				CLANG_WARN_BLOCK_CAPTURE_AUTORELEASING = YES;
				CLANG_WARN_BOOL_CONVERSION = YES;
				CLANG_WARN_COMMA = YES;
				CLANG_WARN_CONSTANT_CONVERSION = YES;
				CLANG_WARN_DEPRECATED_OBJC_IMPLEMENTATIONS = YES;
				CLANG_WARN_DIRECT_OBJC_ISA_USAGE = YES_ERROR;
				CLANG_WARN_DOCUMENTATION_COMMENTS = YES;
				CLANG_WARN_EMPTY_BODY = YES;
				CLANG_WARN_ENUM_CONVERSION = YES;
				CLANG_WARN_INFINITE_RECURSION = YES;
				CLANG_WARN_INT_CONVERSION = YES;
				CLANG_WARN_NON_LITERAL_NULL_CONVERSION = YES;
				CLANG_WARN_OBJC_IMPLICIT_RETAIN_SELF = YES;
				CLANG_WARN_OBJC_LITERAL_CONVERSION = YES;
				CLANG_WARN_OBJC_ROOT_CLASS = YES_ERROR;
				CLANG_WARN_QUOTED_INCLUDE_IN_FRAMEWORK_HEADER = YES;
				CLANG_WARN_RANGE_LOOP_ANALYSIS = YES;
				CLANG_WARN_STRICT_PROTOTYPES = YES;
				CLANG_WARN_SUSPICIOUS_MOVE = YES;
				CLANG_WARN_UNGUARDED_AVAILABILITY = YES_AGGRESSIVE;
				CLANG_WARN_UNREACHABLE_CODE = YES;
				CLANG_WARN__DUPLICATE_METHOD_MATCH = YES;
				COPY_PHASE_STRIP = NO;
				DEBUG_INFORMATION_FORMAT = "dwarf-with-dsym";
				DEVELOPMENT_TEAM = 7FD4JN9V32;
				ENABLE_NS_ASSERTIONS = NO;
				ENABLE_STRICT_OBJC_MSGSEND = YES;
				ENABLE_USER_SCRIPT_SANDBOXING = YES;
				GCC_C_LANGUAGE_STANDARD = gnu17;
				GCC_NO_COMMON_BLOCKS = YES;
				GCC_WARN_64_TO_32_BIT_CONVERSION = YES;
				GCC_WARN_ABOUT_RETURN_TYPE = YES_ERROR;
				GCC_WARN_UNDECLARED_SELECTOR = YES;
				GCC_WARN_UNINITIALIZED_AUTOS = YES_AGGRESSIVE;
				GCC_WARN_UNUSED_FUNCTION = YES;
				GCC_WARN_UNUSED_VARIABLE = YES;
				IPHONEOS_DEPLOYMENT_TARGET = 18.5;
				LOCALIZATION_PREFERS_STRING_CATALOGS = YES;
				MTL_ENABLE_DEBUG_INFO = NO;
				MTL_FAST_MATH = YES;
				SDKROOT = iphoneos;
				SWIFT_COMPILATION_MODE = wholemodule;
				VALIDATE_PRODUCT = YES;
			};
			name = Release;
		};
		72180A642E3A5FB8007338DF /* Debug */ = {
			isa = XCBuildConfiguration;
			buildSettings = {
				ASSETCATALOG_COMPILER_APPICON_NAME = AppIcon;
				ASSETCATALOG_COMPILER_GLOBAL_ACCENT_COLOR_NAME = AccentColor;
				CODE_SIGN_ENTITLEMENTS = Hurai/Hurai.entitlements;
				CODE_SIGN_STYLE = Automatic;
				CURRENT_PROJECT_VERSION = 1;
				DEVELOPMENT_TEAM = 7FD4JN9V32;
				ENABLE_PREVIEWS = YES;
				GENERATE_INFOPLIST_FILE = YES;
				INFOPLIST_FILE = Hurai/Info.plist;
				INFOPLIST_KEY_UIApplicationSceneManifest_Generation = YES;
				INFOPLIST_KEY_UIApplicationSupportsIndirectInputEvents = YES;
				INFOPLIST_KEY_UILaunchScreen_Generation = YES;
				INFOPLIST_KEY_UISupportedInterfaceOrientations = UIInterfaceOrientationPortrait;
				INFOPLIST_KEY_UISupportedInterfaceOrientations_iPad = "UIInterfaceOrientationLandscapeLeft UIInterfaceOrientationLandscapeRight UIInterfaceOrientationPortrait UIInterfaceOrientationPortraitUpsideDown";
				IPHONEOS_DEPLOYMENT_TARGET = 16;
				LD_RUNPATH_SEARCH_PATHS = (
					"$(inherited)",
					"@executable_path/Frameworks",
				);
				MARKETING_VERSION = 1.0;
				PRODUCT_BUNDLE_IDENTIFIER = poeticform.Hurai;
				PRODUCT_NAME = "$(TARGET_NAME)";
				SUPPORTED_PLATFORMS = "iphoneos iphonesimulator";
				SUPPORTS_MACCATALYST = NO;
				SUPPORTS_MAC_DESIGNED_FOR_IPHONE_IPAD = NO;
				SUPPORTS_XR_DESIGNED_FOR_IPHONE_IPAD = NO;
				SWIFT_EMIT_LOC_STRINGS = YES;
				SWIFT_VERSION = 5.0;
				TARGETED_DEVICE_FAMILY = 1;
			};
			name = Debug;
		};
		72180A652E3A5FB8007338DF /* Release */ = {
			isa = XCBuildConfiguration;
			buildSettings = {
				ASSETCATALOG_COMPILER_APPICON_NAME = AppIcon;
				ASSETCATALOG_COMPILER_GLOBAL_ACCENT_COLOR_NAME = AccentColor;
				CODE_SIGN_ENTITLEMENTS = Hurai/Hurai.entitlements;
				CODE_SIGN_STYLE = Automatic;
				CURRENT_PROJECT_VERSION = 1;
				DEVELOPMENT_TEAM = 7FD4JN9V32;
				ENABLE_PREVIEWS = YES;
				GENERATE_INFOPLIST_FILE = YES;
				INFOPLIST_FILE = Hurai/Info.plist;
				INFOPLIST_KEY_UIApplicationSceneManifest_Generation = YES;
				INFOPLIST_KEY_UIApplicationSupportsIndirectInputEvents = YES;
				INFOPLIST_KEY_UILaunchScreen_Generation = YES;
				INFOPLIST_KEY_UISupportedInterfaceOrientations = UIInterfaceOrientationPortrait;
				INFOPLIST_KEY_UISupportedInterfaceOrientations_iPad = "UIInterfaceOrientationLandscapeLeft UIInterfaceOrientationLandscapeRight UIInterfaceOrientationPortrait UIInterfaceOrientationPortraitUpsideDown";
				IPHONEOS_DEPLOYMENT_TARGET = 16;
				LD_RUNPATH_SEARCH_PATHS = (
					"$(inherited)",
					"@executable_path/Frameworks",
				);
				MARKETING_VERSION = 1.0;
				PRODUCT_BUNDLE_IDENTIFIER = poeticform.Hurai;
				PRODUCT_NAME = "$(TARGET_NAME)";
				SUPPORTED_PLATFORMS = "iphoneos iphonesimulator";
				SUPPORTS_MACCATALYST = NO;
				SUPPORTS_MAC_DESIGNED_FOR_IPHONE_IPAD = NO;
				SUPPORTS_XR_DESIGNED_FOR_IPHONE_IPAD = NO;
				SWIFT_EMIT_LOC_STRINGS = YES;
				SWIFT_VERSION = 5.0;
				TARGETED_DEVICE_FAMILY = 1;
			};
			name = Release;
		};
		72F8F25B2E3D400200070291 /* Debug */ = {
			isa = XCBuildConfiguration;
			buildSettings = {
				CODE_SIGN_ENTITLEMENTS = DeviceActivityMonitorExtension/DeviceActivityMonitorExtension.entitlements;
				CODE_SIGN_STYLE = Automatic;
				CURRENT_PROJECT_VERSION = 1;
				DEVELOPMENT_TEAM = 7FD4JN9V32;
				GENERATE_INFOPLIST_FILE = YES;
				INFOPLIST_FILE = DeviceActivityMonitorExtension/Info.plist;
				INFOPLIST_KEY_CFBundleDisplayName = DeviceActivityMonitorExtension;
				INFOPLIST_KEY_NSHumanReadableCopyright = "";
				IPHONEOS_DEPLOYMENT_TARGET = 16.0;
				LD_RUNPATH_SEARCH_PATHS = (
					"$(inherited)",
					"@executable_path/Frameworks",
					"@executable_path/../../Frameworks",
				);
				MARKETING_VERSION = 1.0;
				PRODUCT_BUNDLE_IDENTIFIER = poeticform.Hurai.DeviceActivityMonitorExtension;
				PRODUCT_NAME = "$(TARGET_NAME)";
				SKIP_INSTALL = YES;
				SWIFT_EMIT_LOC_STRINGS = YES;
				SWIFT_VERSION = 5.0;
				TARGETED_DEVICE_FAMILY = "1,2";
			};
			name = Debug;
		};
		72F8F25C2E3D400200070291 /* Release */ = {
			isa = XCBuildConfiguration;
			buildSettings = {
				CODE_SIGN_ENTITLEMENTS = DeviceActivityMonitorExtension/DeviceActivityMonitorExtension.entitlements;
				CODE_SIGN_STYLE = Automatic;
				CURRENT_PROJECT_VERSION = 1;
				DEVELOPMENT_TEAM = 7FD4JN9V32;
				GENERATE_INFOPLIST_FILE = YES;
				INFOPLIST_FILE = DeviceActivityMonitorExtension/Info.plist;
				INFOPLIST_KEY_CFBundleDisplayName = DeviceActivityMonitorExtension;
				INFOPLIST_KEY_NSHumanReadableCopyright = "";
				IPHONEOS_DEPLOYMENT_TARGET = 16.0;
				LD_RUNPATH_SEARCH_PATHS = (
					"$(inherited)",
					"@executable_path/Frameworks",
					"@executable_path/../../Frameworks",
				);
				MARKETING_VERSION = 1.0;
				PRODUCT_BUNDLE_IDENTIFIER = poeticform.Hurai.DeviceActivityMonitorExtension;
				PRODUCT_NAME = "$(TARGET_NAME)";
				SKIP_INSTALL = YES;
				SWIFT_EMIT_LOC_STRINGS = YES;
				SWIFT_VERSION = 5.0;
				TARGETED_DEVICE_FAMILY = "1,2";
			};
			name = Release;
		};
		72F8F2702E3D401E00070291 /* Debug */ = {
			isa = XCBuildConfiguration;
			buildSettings = {
				CODE_SIGN_ENTITLEMENTS = ShieldActionExtension/ShieldActionExtension.entitlements;
				CODE_SIGN_STYLE = Automatic;
				CURRENT_PROJECT_VERSION = 1;
				DEVELOPMENT_TEAM = 7FD4JN9V32;
				GENERATE_INFOPLIST_FILE = YES;
				INFOPLIST_FILE = ShieldActionExtension/Info.plist;
				INFOPLIST_KEY_CFBundleDisplayName = ShieldActionExtension;
				INFOPLIST_KEY_NSHumanReadableCopyright = "";
				IPHONEOS_DEPLOYMENT_TARGET = 16.0;
				LD_RUNPATH_SEARCH_PATHS = (
					"$(inherited)",
					"@executable_path/Frameworks",
					"@executable_path/../../Frameworks",
				);
				MARKETING_VERSION = 1.0;
				PRODUCT_BUNDLE_IDENTIFIER = poeticform.Hurai.ShieldActionExtension;
				PRODUCT_NAME = "$(TARGET_NAME)";
				SKIP_INSTALL = YES;
				SWIFT_EMIT_LOC_STRINGS = YES;
				SWIFT_VERSION = 5.0;
				TARGETED_DEVICE_FAMILY = "1,2";
			};
			name = Debug;
		};
		72F8F2712E3D401E00070291 /* Release */ = {
			isa = XCBuildConfiguration;
			buildSettings = {
				CODE_SIGN_ENTITLEMENTS = ShieldActionExtension/ShieldActionExtension.entitlements;
				CODE_SIGN_STYLE = Automatic;
				CURRENT_PROJECT_VERSION = 1;
				DEVELOPMENT_TEAM = 7FD4JN9V32;
				GENERATE_INFOPLIST_FILE = YES;
				INFOPLIST_FILE = ShieldActionExtension/Info.plist;
				INFOPLIST_KEY_CFBundleDisplayName = ShieldActionExtension;
				INFOPLIST_KEY_NSHumanReadableCopyright = "";
				IPHONEOS_DEPLOYMENT_TARGET = 16.0;
				LD_RUNPATH_SEARCH_PATHS = (
					"$(inherited)",
					"@executable_path/Frameworks",
					"@executable_path/../../Frameworks",
				);
				MARKETING_VERSION = 1.0;
				PRODUCT_BUNDLE_IDENTIFIER = poeticform.Hurai.ShieldActionExtension;
				PRODUCT_NAME = "$(TARGET_NAME)";
				SKIP_INSTALL = YES;
				SWIFT_EMIT_LOC_STRINGS = YES;
				SWIFT_VERSION = 5.0;
				TARGETED_DEVICE_FAMILY = "1,2";
			};
			name = Release;
		};
		72F8F2842E3D403900070291 /* Debug */ = {
			isa = XCBuildConfiguration;
			buildSettings = {
				CODE_SIGN_ENTITLEMENTS = ShieldConfigurationExtension/ShieldConfigurationExtension.entitlements;
				CODE_SIGN_STYLE = Automatic;
				CURRENT_PROJECT_VERSION = 1;
				DEVELOPMENT_TEAM = 7FD4JN9V32;
				GENERATE_INFOPLIST_FILE = YES;
				INFOPLIST_FILE = ShieldConfigurationExtension/Info.plist;
				INFOPLIST_KEY_CFBundleDisplayName = ShieldConfigurationExtension;
				INFOPLIST_KEY_NSHumanReadableCopyright = "";
				IPHONEOS_DEPLOYMENT_TARGET = 16.0;
				LD_RUNPATH_SEARCH_PATHS = (
					"$(inherited)",
					"@executable_path/Frameworks",
					"@executable_path/../../Frameworks",
				);
				MARKETING_VERSION = 1.0;
				PRODUCT_BUNDLE_IDENTIFIER = poeticform.Hurai.ShieldConfigurationExtension;
				PRODUCT_NAME = "$(TARGET_NAME)";
				SKIP_INSTALL = YES;
				SWIFT_EMIT_LOC_STRINGS = YES;
				SWIFT_VERSION = 5.0;
				TARGETED_DEVICE_FAMILY = "1,2";
			};
			name = Debug;
		};
		72F8F2852E3D403900070291 /* Release */ = {
			isa = XCBuildConfiguration;
			buildSettings = {
				CODE_SIGN_ENTITLEMENTS = ShieldConfigurationExtension/ShieldConfigurationExtension.entitlements;
				CODE_SIGN_STYLE = Automatic;
				CURRENT_PROJECT_VERSION = 1;
				DEVELOPMENT_TEAM = 7FD4JN9V32;
				GENERATE_INFOPLIST_FILE = YES;
				INFOPLIST_FILE = ShieldConfigurationExtension/Info.plist;
				INFOPLIST_KEY_CFBundleDisplayName = ShieldConfigurationExtension;
				INFOPLIST_KEY_NSHumanReadableCopyright = "";
				IPHONEOS_DEPLOYMENT_TARGET = 16.0;
				LD_RUNPATH_SEARCH_PATHS = (
					"$(inherited)",
					"@executable_path/Frameworks",
					"@executable_path/../../Frameworks",
				);
				MARKETING_VERSION = 1.0;
				PRODUCT_BUNDLE_IDENTIFIER = poeticform.Hurai.ShieldConfigurationExtension;
				PRODUCT_NAME = "$(TARGET_NAME)";
				SKIP_INSTALL = YES;
				SWIFT_EMIT_LOC_STRINGS = YES;
				SWIFT_VERSION = 5.0;
				TARGETED_DEVICE_FAMILY = "1,2";
			};
			name = Release;
		};
/* End XCBuildConfiguration section */

/* Begin XCConfigurationList section */
		72180A532E3A5FB7007338DF /* Build configuration list for PBXProject "Hurai" */ = {
			isa = XCConfigurationList;
			buildConfigurations = (
				72180A612E3A5FB8007338DF /* Debug */,
				72180A622E3A5FB8007338DF /* Release */,
			);
			defaultConfigurationIsVisible = 0;
			defaultConfigurationName = Release;
		};
		72180A632E3A5FB8007338DF /* Build configuration list for PBXNativeTarget "Hurai" */ = {
			isa = XCConfigurationList;
			buildConfigurations = (
				72180A642E3A5FB8007338DF /* Debug */,
				72180A652E3A5FB8007338DF /* Release */,
			);
			defaultConfigurationIsVisible = 0;
			defaultConfigurationName = Release;
		};
		72F8F25E2E3D400200070291 /* Build configuration list for PBXNativeTarget "DeviceActivityMonitorExtension" */ = {
			isa = XCConfigurationList;
			buildConfigurations = (
				72F8F25B2E3D400200070291 /* Debug */,
				72F8F25C2E3D400200070291 /* Release */,
			);
			defaultConfigurationIsVisible = 0;
			defaultConfigurationName = Release;
		};
		72F8F26F2E3D401E00070291 /* Build configuration list for PBXNativeTarget "ShieldActionExtension" */ = {
			isa = XCConfigurationList;
			buildConfigurations = (
				72F8F2702E3D401E00070291 /* Debug */,
				72F8F2712E3D401E00070291 /* Release */,
			);
			defaultConfigurationIsVisible = 0;
			defaultConfigurationName = Release;
		};
		72F8F2832E3D403900070291 /* Build configuration list for PBXNativeTarget "ShieldConfigurationExtension" */ = {
			isa = XCConfigurationList;
			buildConfigurations = (
				72F8F2842E3D403900070291 /* Debug */,
				72F8F2852E3D403900070291 /* Release */,
			);
			defaultConfigurationIsVisible = 0;
			defaultConfigurationName = Release;
		};
/* End XCConfigurationList section */
	};
	rootObject = 72180A502E3A5FB7007338DF /* Project object */;
}
